
Microsoft Visual Studio Solution File, Format Version 12.00
# Visual Studio 15
Project("{FAE04EC0-301F-11D3-BF4B-00C04F79EFBC}") = "Assembly-CSharp", "Assembly-CSharp.csproj", "{A62EBF3A-1053-428A-4409-89D10BD31999}"
EndProject
Project("{FAE04EC0-301F-11D3-BF4B-00C04F79EFBC}") = "Assembly-CSharp-firstpass", "Assembly-CSharp-firstpass.csproj", "{CC6F5E8C-9AC3-CE81-AF27-3C3977BEA714}"
EndProject
Global
	GlobalSection(SolutionConfigurationPlatforms) = preSolution
		Debug|Any CPU = Debug|Any CPU
		Release|Any CPU = Release|Any CPU
	EndGlobalSection
	GlobalSection(ProjectConfigurationPlatforms) = postSolution
		{A62EBF3A-1053-428A-4409-89D10BD31999}.Debug|Any CPU.ActiveCfg = Debug|Any CPU
		{A62EBF3A-1053-428A-4409-89D10BD31999}.Debug|Any CPU.Build.0 = Debug|Any CPU
		{A62EBF3A-1053-428A-4409-89D10BD31999}.Release|Any CPU.ActiveCfg = Release|Any CPU
		{A62EBF3A-1053-428A-4409-89D10BD31999}.Release|Any CPU.Build.0 = Release|Any CPU
		{CC6F5E8C-9AC3-CE81-AF27-3C3977BEA714}.Debug|Any CPU.ActiveCfg = Debug|Any CPU
		{CC6F5E8C-9AC3-CE81-AF27-3C3977BEA714}.Debug|Any CPU.Build.0 = Debug|Any CPU
		{CC6F5E8C-9AC3-CE81-AF27-3C3977BEA714}.Release|Any CPU.ActiveCfg = Release|Any CPU
		{CC6F5E8C-9AC3-CE81-AF27-3C3977BEA714}.Release|Any CPU.Build.0 = Release|Any CPU
	EndGlobalSection
	GlobalSection(SolutionProperties) = preSolution
		HideSolutionNode = FALSE
	EndGlobalSection
EndGlobal
